PODS:
  - FlutterMacOS (1.0.0)
  - zikzak_inappwebview_macos (4.0.10):
    - FlutterMacOS

DEPENDENCIES:
  - FlutterMacOS (from `Flutter/ephemeral`)
  - zikzak_inappwebview_macos (from `Flutter/ephemeral/.symlinks/plugins/zikzak_inappwebview_macos/macos`)

EXTERNAL SOURCES:
  FlutterMacOS:
    :path: Flutter/ephemeral
  zikzak_inappwebview_macos:
    :path: Flutter/ephemeral/.symlinks/plugins/zikzak_inappwebview_macos/macos

SPEC CHECKSUMS:
  FlutterMacOS: d0db08ddef1a9af05a5ec4b724367152bb0500b1
  zikzak_inappwebview_macos: f9a9442e17c576da67224fb469929bb91bee8527

PODFILE CHECKSUM: 1e95c36afbfd1cb6423ceca4de7a8e1b256fb6ac

COCOAPODS: 1.16.2
